PODS:
  - ffmpeg_kit_flutter_new_min (7.1.1):
    - ffmpeg_kit_flutter_new_min/min (= 7.1.1)
    - FlutterMacOS
  - ffmpeg_kit_flutter_new_min/min (7.1.1):
    - FlutterMacOS
  - flutter_local_notifications (0.0.1):
    - FlutterMacOS
  - flutter_tts (0.0.1):
    - FlutterMacOS
  - FlutterMacOS (1.0.0)
  - whisper_ggml (1.0.0):
    - FlutterMacOS

DEPENDENCIES:
  - ffmpeg_kit_flutter_new_min (from `Flutter/ephemeral/.symlinks/plugins/ffmpeg_kit_flutter_new_min/macos`)
  - flutter_local_notifications (from `Flutter/ephemeral/.symlinks/plugins/flutter_local_notifications/macos`)
  - flutter_tts (from `Flutter/ephemeral/.symlinks/plugins/flutter_tts/macos`)
  - FlutterMacOS (from `Flutter/ephemeral`)
  - whisper_ggml (from `Flutter/ephemeral/.symlinks/plugins/whisper_ggml/macos`)

EXTERNAL SOURCES:
  ffmpeg_kit_flutter_new_min:
    :path: Flutter/ephemeral/.symlinks/plugins/ffmpeg_kit_flutter_new_min/macos
  flutter_local_notifications:
    :path: Flutter/ephemeral/.symlinks/plugins/flutter_local_notifications/macos
  flutter_tts:
    :path: Flutter/ephemeral/.symlinks/plugins/flutter_tts/macos
  FlutterMacOS:
    :path: Flutter/ephemeral
  whisper_ggml:
    :path: Flutter/ephemeral/.symlinks/plugins/whisper_ggml/macos

SPEC CHECKSUMS:
  ffmpeg_kit_flutter_new_min: 623d95fe4c00311175a10f9ab3efa312c266ead6
  flutter_local_notifications: 7e5a17a1dbc00d83dc10d43c2c4c05f2ceed233c
  flutter_tts: ae915565cc6948444b513acc8ee021993281e027
  FlutterMacOS: c232990155153907050900a2e175c7773903ba4e
  whisper_ggml: e5e0ee0c5b0f0485b9659f4ebcd340b7ceb94fac

PODFILE CHECKSUM: 1e95c36afbfd1cb6423ceca4de7a8e1b256fb6ac

COCOAPODS: 1.17.0
